
Microsoft Visual Studio Solution File, Format Version 12.00
# Visual Studio 15
VisualStudioVersion = 15.0.28307.572
MinimumVisualStudioVersion = 10.0.40219.1
Project("{FAE04EC0-301F-11D3-BF4B-00C04F79EFBC}") = "GSAssist", "GSAssist\GSAssist.csproj", "{6027F6DE-CE56-47F5-9E37-AA51059D8C52}"
EndProject
Global
	GlobalSection(SolutionConfigurationPlatforms) = preSolution
		Debug|Any CPU = Debug|Any CPU
		Release|Any CPU = Release|Any CPU
	EndGlobalSection
	GlobalSection(ProjectConfigurationPlatforms) = postSolution
		{6027F6DE-CE56-47F5-9E37-AA51059D8C52}.Debug|Any CPU.ActiveCfg = Debug|Any CPU
		{6027F6DE-CE56-47F5-9E37-AA51059D8C52}.Debug|Any CPU.Build.0 = Debug|Any CPU
		{6027F6DE-CE56-47F5-9E37-AA51059D8C52}.Release|Any CPU.ActiveCfg = Release|Any CPU
		{6027F6DE-CE56-47F5-9E37-AA51059D8C52}.Release|Any CPU.Build.0 = Release|Any CPU
	EndGlobalSection
	GlobalSection(SolutionProperties) = preSolution
		HideSolutionNode = FALSE
	EndGlobalSection
	GlobalSection(ExtensibilityGlobals) = postSolution
		SolutionGuid = {0FF2A073-1BBF-4503-9AAA-7B135A237F81}
	EndGlobalSection
EndGlobal
